
Microsoft Visual Studio Solution File, Format Version 12.00
# Visual Studio 2012
Project("{FAE04EC0-301F-11D3-BF4B-00C04F79EFBC}") = "hello", "hello\hello.csproj", "{3099AAF3-3AD7-4DEF-AFBE-4D1574DA6E0C}"
EndProject
Project("{FAE04EC0-301F-11D3-BF4B-00C04F79EFBC}") = "hello.UITests", "hello.UITests\hello.UITests.csproj", "{509C9453-3624-4F09-B926-B79E2B22D7A4}"
EndProject
Global
	GlobalSection(SolutionConfigurationPlatforms) = preSolution
		Debug|Any CPU = Debug|Any CPU
		Release|Any CPU = Release|Any CPU
	EndGlobalSection
	GlobalSection(ProjectConfigurationPlatforms) = postSolution
		{3099AAF3-3AD7-4DEF-AFBE-4D1574DA6E0C}.Debug|Any CPU.ActiveCfg = Debug|Any CPU
		{3099AAF3-3AD7-4DEF-AFBE-4D1574DA6E0C}.Debug|Any CPU.Build.0 = Debug|Any CPU
		{3099AAF3-3AD7-4DEF-AFBE-4D1574DA6E0C}.Release|Any CPU.ActiveCfg = Release|Any CPU
		{3099AAF3-3AD7-4DEF-AFBE-4D1574DA6E0C}.Release|Any CPU.Build.0 = Release|Any CPU
		{509C9453-3624-4F09-B926-B79E2B22D7A4}.Debug|Any CPU.ActiveCfg = Debug|Any CPU
		{509C9453-3624-4F09-B926-B79E2B22D7A4}.Debug|Any CPU.Build.0 = Debug|Any CPU
		{509C9453-3624-4F09-B926-B79E2B22D7A4}.Release|Any CPU.ActiveCfg = Release|Any CPU
		{509C9453-3624-4F09-B926-B79E2B22D7A4}.Release|Any CPU.Build.0 = Release|Any CPU
	EndGlobalSection
EndGlobal
